
Microsoft Visual Studio Solution File, Format Version 12.00
# Visual Studio Version 16
VisualStudioVersion = 16.0.31624.102
MinimumVisualStudioVersion = 10.0.40219.1
Project("{FAE04EC0-301F-11D3-BF4B-00C04F79EFBC}") = "MyStore", "MyStore\MyStore.csproj", "{D09E11BA-EF77-41C6-8C8C-2368E33EB011}"
EndProject
Global
	GlobalSection(SolutionConfigurationPlatforms) = preSolution
		Debug|Any CPU = Debug|Any CPU
		Release|Any CPU = Release|Any CPU
	EndGlobalSection
	GlobalSection(ProjectConfigurationPlatforms) = postSolution
		{D09E11BA-EF77-41C6-8C8C-2368E33EB011}.Debug|Any CPU.ActiveCfg = Debug|Any CPU
		{D09E11BA-EF77-41C6-8C8C-2368E33EB011}.Debug|Any CPU.Build.0 = Debug|Any CPU
		{D09E11BA-EF77-41C6-8C8C-2368E33EB011}.Release|Any CPU.ActiveCfg = Release|Any CPU
		{D09E11BA-EF77-41C6-8C8C-2368E33EB011}.Release|Any CPU.Build.0 = Release|Any CPU
	EndGlobalSection
	GlobalSection(SolutionProperties) = preSolution
		HideSolutionNode = FALSE
	EndGlobalSection
	GlobalSection(ExtensibilityGlobals) = postSolution
		SolutionGuid = {C4DCA32D-EE31-4E97-8C6C-803F39DF6B51}
	EndGlobalSection
EndGlobal
